// !$*UTF8*$!
{
	archiveVersion = 1;
	classes = {
	};
	objectVersion = 48;
	objects = {

/* Begin PBXBuildFile section */
		615F81F1D775C2D0CE106FCC /* Pods_LemonFileManager_Tests.framework in Frameworks */ = {isa = PBXBuildFile; fileRef = 856673AA1B6A6B0ADAC5135C /* Pods_LemonFileManager_Tests.framework */; };
		A57E40D43BE1A91C38765C50 /* Pods_LemonFileManager_Example.framework in Frameworks */ = {isa = PBXBuildFile; fileRef = 0EE9EF2AAFABE898C82FBF21 /* Pods_LemonFileManager_Example.framework */; };
		ED83F67C20348A760038D96B /* AppDelegate.swift in Sources */ = {isa = PBXBuildFile; fileRef = ED83F67B20348A760038D96B /* AppDelegate.swift */; };
		ED83F67E20348A760038D96B /* ViewController.swift in Sources */ = {isa = PBXBuildFile; fileRef = ED83F67D20348A760038D96B /* ViewController.swift */; };
		ED83F68020348A760038D96B /* Assets.xcassets in Resources */ = {isa = PBXBuildFile; fileRef = ED83F67F20348A760038D96B /* Assets.xcassets */; };
		ED83F68320348A760038D96B /* Main.storyboard in Resources */ = {isa = PBXBuildFile; fileRef = ED83F68120348A760038D96B /* Main.storyboard */; };
		ED83F68F20348A760038D96B /* Tests.swift in Sources */ = {isa = PBXBuildFile; fileRef = ED83F68E20348A760038D96B /* Tests.swift */; };
/* End PBXBuildFile section */

/* Begin PBXContainerItemProxy section */
		ED83F68B20348A760038D96B /* PBXContainerItemProxy */ = {
			isa = PBXContainerItemProxy;
			containerPortal = ED83F67020348A760038D96B /* Project object */;
			proxyType = 1;
			remoteGlobalIDString = ED83F67720348A760038D96B;
			remoteInfo = LemonFileManager;
		};
/* End PBXContainerItemProxy section */

/* Begin PBXFileReference section */
		0EE9EF2AAFABE898C82FBF21 /* Pods_LemonFileManager_Example.framework */ = {isa = PBXFileReference; explicitFileType = wrapper.framework; includeInIndex = 0; path = Pods_LemonFileManager_Example.framework; sourceTree = BUILT_PRODUCTS_DIR; };
		1887DF9840FA6494308CB1C3 /* LemonFileManager.podspec */ = {isa = PBXFileReference; includeInIndex = 1; lastKnownFileType = text; name = LemonFileManager.podspec; path = ../LemonFileManager.podspec; sourceTree = "<group>"; xcLanguageSpecificationIdentifier = xcode.lang.ruby; };
		3D51C91CD210949918940EE5 /* Pods-LemonFileManager_Tests.release.xcconfig */ = {isa = PBXFileReference; includeInIndex = 1; lastKnownFileType = text.xcconfig; name = "Pods-LemonFileManager_Tests.release.xcconfig"; path = "Target Support Files/Pods-LemonFileManager_Tests/Pods-LemonFileManager_Tests.release.xcconfig"; sourceTree = "<group>"; };
		581F8B61B1EABE66825D8008 /* Pods-LemonFileManager_Example.release.xcconfig */ = {isa = PBXFileReference; includeInIndex = 1; lastKnownFileType = text.xcconfig; name = "Pods-LemonFileManager_Example.release.xcconfig"; path = "Target Support Files/Pods-LemonFileManager_Example/Pods-LemonFileManager_Example.release.xcconfig"; sourceTree = "<group>"; };
		7EA12DA20F8601194C2F12CC /* LICENSE */ = {isa = PBXFileReference; includeInIndex = 1; lastKnownFileType = text; name = LICENSE; path = ../LICENSE; sourceTree = "<group>"; };
		856673AA1B6A6B0ADAC5135C /* Pods_LemonFileManager_Tests.framework */ = {isa = PBXFileReference; explicitFileType = wrapper.framework; includeInIndex = 0; path = Pods_LemonFileManager_Tests.framework; sourceTree = BUILT_PRODUCTS_DIR; };
		86F7B89FE1B4BE881516025E /* Pods-LemonFileManager_Example.debug.xcconfig */ = {isa = PBXFileReference; includeInIndex = 1; lastKnownFileType = text.xcconfig; name = "Pods-LemonFileManager_Example.debug.xcconfig"; path = "Target Support Files/Pods-LemonFileManager_Example/Pods-LemonFileManager_Example.debug.xcconfig"; sourceTree = "<group>"; };
		AE4BEF3E660A692A8D2E6057 /* Pods-LemonFileManager_Tests.debug.xcconfig */ = {isa = PBXFileReference; includeInIndex = 1; lastKnownFileType = text.xcconfig; name = "Pods-LemonFileManager_Tests.debug.xcconfig"; path = "Target Support Files/Pods-LemonFileManager_Tests/Pods-LemonFileManager_Tests.debug.xcconfig"; sourceTree = "<group>"; };
		ED83F67820348A760038D96B /* LemonFileManager_Example.app */ = {isa = PBXFileReference; explicitFileType = wrapper.application; includeInIndex = 0; path = LemonFileManager_Example.app; sourceTree = BUILT_PRODUCTS_DIR; };
		ED83F67B20348A760038D96B /* AppDelegate.swift */ = {isa = PBXFileReference; lastKnownFileType = sourcecode.swift; path = AppDelegate.swift; sourceTree = "<group>"; };
		ED83F67D20348A760038D96B /* ViewController.swift */ = {isa = PBXFileReference; lastKnownFileType = sourcecode.swift; path = ViewController.swift; sourceTree = "<group>"; };
		ED83F67F20348A760038D96B /* Assets.xcassets */ = {isa = PBXFileReference; lastKnownFileType = folder.assetcatalog; path = Assets.xcassets; sourceTree = "<group>"; };
		ED83F68220348A760038D96B /* Base */ = {isa = PBXFileReference; lastKnownFileType = file.storyboard; name = Base; path = Base.lproj/Main.storyboard; sourceTree = "<group>"; };
		ED83F68420348A760038D96B /* Info.plist */ = {isa = PBXFileReference; lastKnownFileType = text.plist.xml; path = Info.plist; sourceTree = "<group>"; };
		ED83F68520348A760038D96B /* LemonFileManager.entitlements */ = {isa = PBXFileReference; lastKnownFileType = text.plist.entitlements; path = LemonFileManager.entitlements; sourceTree = "<group>"; };
		ED83F68A20348A760038D96B /* LemonFileManager_Tests.xctest */ = {isa = PBXFileReference; explicitFileType = wrapper.cfbundle; includeInIndex = 0; path = LemonFileManager_Tests.xctest; sourceTree = BUILT_PRODUCTS_DIR; };
		ED83F68E20348A760038D96B /* Tests.swift */ = {isa = PBXFileReference; lastKnownFileType = sourcecode.swift; path = Tests.swift; sourceTree = "<group>"; };
		ED83F69020348A760038D96B /* Info.plist */ = {isa = PBXFileReference; lastKnownFileType = text.plist.xml; path = Info.plist; sourceTree = "<group>"; };
		F2EC33323462B1903113AEB2 /* README.md */ = {isa = PBXFileReference; includeInIndex = 1; lastKnownFileType = net.daringfireball.markdown; name = README.md; path = ../README.md; sourceTree = "<group>"; };
/* End PBXFileReference section */

/* Begin PBXFrameworksBuildPhase section */
		ED83F67520348A760038D96B /* Frameworks */ = {
			isa = PBXFrameworksBuildPhase;
			buildActionMask = 2147483647;
			files = (
				A57E40D43BE1A91C38765C50 /* Pods_LemonFileManager_Example.framework in Frameworks */,
			);
			runOnlyForDeploymentPostprocessing = 0;
		};
		ED83F68720348A760038D96B /* Frameworks */ = {
			isa = PBXFrameworksBuildPhase;
			buildActionMask = 2147483647;
			files = (
				615F81F1D775C2D0CE106FCC /* Pods_LemonFileManager_Tests.framework in Frameworks */,
			);
			runOnlyForDeploymentPostprocessing = 0;
		};
/* End PBXFrameworksBuildPhase section */

/* Begin PBXGroup section */
		3288245C8A03573AF8801B59 /* Pods */ = {
			isa = PBXGroup;
			children = (
				86F7B89FE1B4BE881516025E /* Pods-LemonFileManager_Example.debug.xcconfig */,
				581F8B61B1EABE66825D8008 /* Pods-LemonFileManager_Example.release.xcconfig */,
				AE4BEF3E660A692A8D2E6057 /* Pods-LemonFileManager_Tests.debug.xcconfig */,
				3D51C91CD210949918940EE5 /* Pods-LemonFileManager_Tests.release.xcconfig */,
			);
			path = Pods;
			sourceTree = "<group>";
		};
		4A6BEEC53755D8C84C2E100B /* Frameworks */ = {
			isa = PBXGroup;
			children = (
				0EE9EF2AAFABE898C82FBF21 /* Pods_LemonFileManager_Example.framework */,
				856673AA1B6A6B0ADAC5135C /* Pods_LemonFileManager_Tests.framework */,
			);
			name = Frameworks;
			sourceTree = "<group>";
		};
		ED83F66F20348A760038D96B = {
			isa = PBXGroup;
			children = (
				ED83F69A20348B650038D96B /* Podspec Metadata */,
				ED83F67A20348A760038D96B /* LemonFileManager */,
				ED83F68D20348A760038D96B /* Tests */,
				ED83F67920348A760038D96B /* Products */,
				3288245C8A03573AF8801B59 /* Pods */,
				4A6BEEC53755D8C84C2E100B /* Frameworks */,
			);
			sourceTree = "<group>";
		};
		ED83F67920348A760038D96B /* Products */ = {
			isa = PBXGroup;
			children = (
				ED83F67820348A760038D96B /* LemonFileManager_Example.app */,
				ED83F68A20348A760038D96B /* LemonFileManager_Tests.xctest */,
			);
			name = Products;
			sourceTree = "<group>";
		};
		ED83F67A20348A760038D96B /* LemonFileManager */ = {
			isa = PBXGroup;
			children = (
				ED83F67B20348A760038D96B /* AppDelegate.swift */,
				ED83F67D20348A760038D96B /* ViewController.swift */,
				ED83F67F20348A760038D96B /* Assets.xcassets */,
				ED83F68120348A760038D96B /* Main.storyboard */,
				ED83F68420348A760038D96B /* Info.plist */,
				ED83F68520348A760038D96B /* LemonFileManager.entitlements */,
			);
			path = LemonFileManager;
			sourceTree = "<group>";
		};
		ED83F68D20348A760038D96B /* Tests */ = {
			isa = PBXGroup;
			children = (
				ED83F68E20348A760038D96B /* Tests.swift */,
				ED83F69020348A760038D96B /* Info.plist */,
			);
			path = Tests;
			sourceTree = "<group>";
		};
		ED83F69A20348B650038D96B /* Podspec Metadata */ = {
			isa = PBXGroup;
			children = (
				1887DF9840FA6494308CB1C3 /* LemonFileManager.podspec */,
				F2EC33323462B1903113AEB2 /* README.md */,
				7EA12DA20F8601194C2F12CC /* LICENSE */,
			);
			name = "Podspec Metadata";
			sourceTree = "<group>";
		};
/* End PBXGroup section */

/* Begin PBXNativeTarget section */
		ED83F67720348A760038D96B /* LemonFileManager_Example */ = {
			isa = PBXNativeTarget;
			buildConfigurationList = ED83F69320348A760038D96B /* Build configuration list for PBXNativeTarget "LemonFileManager_Example" */;
			buildPhases = (
				4CF77516EEC147E9353254D0 /* [CP] Check Pods Manifest.lock */,
				ED83F67420348A760038D96B /* Sources */,
				ED83F67520348A760038D96B /* Frameworks */,
				ED83F67620348A760038D96B /* Resources */,
				08AE50C482FF53F27A0660A8 /* [CP] Embed Pods Frameworks */,
			);
			buildRules = (
			);
			dependencies = (
			);
			name = LemonFileManager_Example;
			productName = LemonFileManager;
			productReference = ED83F67820348A760038D96B /* LemonFileManager_Example.app */;
			productType = "com.apple.product-type.application";
		};
		ED83F68920348A760038D96B /* LemonFileManager_Tests */ = {
			isa = PBXNativeTarget;
			buildConfigurationList = ED83F69620348A760038D96B /* Build configuration list for PBXNativeTarget "LemonFileManager_Tests" */;
			buildPhases = (
				BE73FE8FCE429A795F6EBC16 /* [CP] Check Pods Manifest.lock */,
				ED83F68620348A760038D96B /* Sources */,
				ED83F68720348A760038D96B /* Frameworks */,
				ED83F68820348A760038D96B /* Resources */,
			);
			buildRules = (
			);
			dependencies = (
				ED83F68C20348A760038D96B /* PBXTargetDependency */,
			);
			name = LemonFileManager_Tests;
			productName = LemonFileManagerTests;
			productReference = ED83F68A20348A760038D96B /* LemonFileManager_Tests.xctest */;
			productType = "com.apple.product-type.bundle.unit-test";
		};
/* End PBXNativeTarget section */

/* Begin PBXProject section */
		ED83F67020348A760038D96B /* Project object */ = {
			isa = PBXProject;
			attributes = {
				LastSwiftUpdateCheck = 0900;
				LastUpgradeCheck = 0900;
				ORGANIZATIONNAME = CocoaPods;
				TargetAttributes = {
					ED83F67720348A760038D96B = {
						CreatedOnToolsVersion = 10.0;
						ProvisioningStyle = Automatic;
					};
					ED83F68920348A760038D96B = {
						CreatedOnToolsVersion = 10.0;
						ProvisioningStyle = Automatic;
						TestTargetID = ED83F67720348A760038D96B;
					};
				};
			};
			buildConfigurationList = ED83F67320348A760038D96B /* Build configuration list for PBXProject "LemonFileManager" */;
			compatibilityVersion = "Xcode 8.0";
			developmentRegion = en;
			hasScannedForEncodings = 0;
			knownRegions = (
				en,
				Base,
			);
			mainGroup = ED83F66F20348A760038D96B;
			productRefGroup = ED83F67920348A760038D96B /* Products */;
			projectDirPath = "";
			projectRoot = "";
			targets = (
				ED83F67720348A760038D96B /* LemonFileManager_Example */,
				ED83F68920348A760038D96B /* LemonFileManager_Tests */,
			);
		};
/* End PBXProject section */

/* Begin PBXResourcesBuildPhase section */
		ED83F67620348A760038D96B /* Resources */ = {
			isa = PBXResourcesBuildPhase;
			buildActionMask = 2147483647;
			files = (
				ED83F68020348A760038D96B /* Assets.xcassets in Resources */,
				ED83F68320348A760038D96B /* Main.storyboard in Resources */,
			);
			runOnlyForDeploymentPostprocessing = 0;
		};
		ED83F68820348A760038D96B /* Resources */ = {
			isa = PBXResourcesBuildPhase;
			buildActionMask = 2147483647;
			files = (
			);
			runOnlyForDeploymentPostprocessing = 0;
		};
/* End PBXResourcesBuildPhase section */

/* Begin PBXShellScriptBuildPhase section */
		08AE50C482FF53F27A0660A8 /* [CP] Embed Pods Frameworks */ = {
			isa = PBXShellScriptBuildPhase;
			buildActionMask = 2147483647;
			files = (
			);
			inputPaths = (
				"${PODS_ROOT}/Target Support Files/Pods-LemonFileManager_Example/Pods-LemonFileManager_Example-frameworks.sh",
				"${BUILT_PRODUCTS_DIR}/LemonFileManager/LemonFileManager.framework",
			);
			name = "[CP] Embed Pods Frameworks";
			outputPaths = (
				"${TARGET_BUILD_DIR}/${FRAMEWORKS_FOLDER_PATH}/LemonFileManager.framework",
			);
			runOnlyForDeploymentPostprocessing = 0;
			shellPath = /bin/sh;
			shellScript = "\"${PODS_ROOT}/Target Support Files/Pods-LemonFileManager_Example/Pods-LemonFileManager_Example-frameworks.sh\"\n";
			showEnvVarsInLog = 0;
		};
		4CF77516EEC147E9353254D0 /* [CP] Check Pods Manifest.lock */ = {
			isa = PBXShellScriptBuildPhase;
			buildActionMask = 2147483647;
			files = (
			);
			inputFileListPaths = (
			);
			inputPaths = (
				"${PODS_PODFILE_DIR_PATH}/Podfile.lock",
				"${PODS_ROOT}/Manifest.lock",
			);
			name = "[CP] Check Pods Manifest.lock";
			outputFileListPaths = (
			);
			outputPaths = (
				"$(DERIVED_FILE_DIR)/Pods-LemonFileManager_Example-checkManifestLockResult.txt",
			);
			runOnlyForDeploymentPostprocessing = 0;
			shellPath = /bin/sh;
			shellScript = "diff \"${PODS_PODFILE_DIR_PATH}/Podfile.lock\" \"${PODS_ROOT}/Manifest.lock\" > /dev/null\nif [ $? != 0 ] ; then\n    # print error to STDERR\n    echo \"error: The sandbox is not in sync with the Podfile.lock. Run 'pod install' or update your CocoaPods installation.\" >&2\n    exit 1\nfi\n# This output is used by Xcode 'outputs' to avoid re-running this script phase.\necho \"SUCCESS\" > \"${SCRIPT_OUTPUT_FILE_0}\"\n";
			showEnvVarsInLog = 0;
		};
		BE73FE8FCE429A795F6EBC16 /* [CP] Check Pods Manifest.lock */ = {
			isa = PBXShellScriptBuildPhase;
			buildActionMask = 2147483647;
			files = (
			);
			inputFileListPaths = (
			);
			inputPaths = (
				"${PODS_PODFILE_DIR_PATH}/Podfile.lock",
				"${PODS_ROOT}/Manifest.lock",
			);
			name = "[CP] Check Pods Manifest.lock";
			outputFileListPaths = (
			);
			outputPaths = (
				"$(DERIVED_FILE_DIR)/Pods-LemonFileManager_Tests-checkManifestLockResult.txt",
			);
			runOnlyForDeploymentPostprocessing = 0;
			shellPath = /bin/sh;
			shellScript = "diff \"${PODS_PODFILE_DIR_PATH}/Podfile.lock\" \"${PODS_ROOT}/Manifest.lock\" > /dev/null\nif [ $? != 0 ] ; then\n    # print error to STDERR\n    echo \"error: The sandbox is not in sync with the Podfile.lock. Run 'pod install' or update your CocoaPods installation.\" >&2\n    exit 1\nfi\n# This output is used by Xcode 'outputs' to avoid re-running this script phase.\necho \"SUCCESS\" > \"${SCRIPT_OUTPUT_FILE_0}\"\n";
			showEnvVarsInLog = 0;
		};
/* End PBXShellScriptBuildPhase section */

/* Begin PBXSourcesBuildPhase section */
		ED83F67420348A760038D96B /* Sources */ = {
			isa = PBXSourcesBuildPhase;
			buildActionMask = 2147483647;
			files = (
				ED83F67E20348A760038D96B /* ViewController.swift in Sources */,
				ED83F67C20348A760038D96B /* AppDelegate.swift in Sources */,
			);
			runOnlyForDeploymentPostprocessing = 0;
		};
		ED83F68620348A760038D96B /* Sources */ = {
			isa = PBXSourcesBuildPhase;
			buildActionMask = 2147483647;
			files = (
				ED83F68F20348A760038D96B /* Tests.swift in Sources */,
			);
			runOnlyForDeploymentPostprocessing = 0;
		};
/* End PBXSourcesBuildPhase section */

/* Begin PBXTargetDependency section */
		ED83F68C20348A760038D96B /* PBXTargetDependency */ = {
			isa = PBXTargetDependency;
			target = ED83F67720348A760038D96B /* LemonFileManager_Example */;
			targetProxy = ED83F68B20348A760038D96B /* PBXContainerItemProxy */;
		};
/* End PBXTargetDependency section */

/* Begin PBXVariantGroup section */
		ED83F68120348A760038D96B /* Main.storyboard */ = {
			isa = PBXVariantGroup;
			children = (
				ED83F68220348A760038D96B /* Base */,
			);
			name = Main.storyboard;
			sourceTree = "<group>";
		};
/* End PBXVariantGroup section */

/* Begin XCBuildConfiguration section */
		ED83F69120348A760038D96B /* Debug */ = {
			isa = XCBuildConfiguration;
			buildSettings = {
				ALWAYS_SEARCH_USER_PATHS = NO;
				CLANG_ANALYZER_NONNULL = YES;
				CLANG_ANALYZER_NUMBER_OBJECT_CONVERSION = YES_AGGRESSIVE;
				CLANG_CXX_LANGUAGE_STANDARD = "gnu++14";
				CLANG_CXX_LIBRARY = "libc++";
				CLANG_ENABLE_MODULES = YES;
				CLANG_ENABLE_OBJC_ARC = YES;
				CLANG_WARN_BLOCK_CAPTURE_AUTORELEASING = YES;
				CLANG_WARN_BOOL_CONVERSION = YES;
				CLANG_WARN_COMMA = YES;
				CLANG_WARN_CONSTANT_CONVERSION = YES;
				CLANG_WARN_DIRECT_OBJC_ISA_USAGE = YES_ERROR;
				CLANG_WARN_DOCUMENTATION_COMMENTS = YES;
				CLANG_WARN_EMPTY_BODY = YES;
				CLANG_WARN_ENUM_CONVERSION = YES;
				CLANG_WARN_INFINITE_RECURSION = YES;
				CLANG_WARN_INT_CONVERSION = YES;
				CLANG_WARN_NON_LITERAL_NULL_CONVERSION = YES;
				CLANG_WARN_OBJC_LITERAL_CONVERSION = YES;
				CLANG_WARN_OBJC_ROOT_CLASS = YES_ERROR;
				CLANG_WARN_RANGE_LOOP_ANALYSIS = YES;
				CLANG_WARN_STRICT_PROTOTYPES = YES;
				CLANG_WARN_SUSPICIOUS_MOVE = YES;
				CLANG_WARN_UNGUARDED_AVAILABILITY = YES_AGGRESSIVE;
				CLANG_WARN_UNREACHABLE_CODE = YES;
				CLANG_WARN__DUPLICATE_METHOD_MATCH = YES;
				CODE_SIGN_IDENTITY = "-";
				COPY_PHASE_STRIP = NO;
				DEBUG_INFORMATION_FORMAT = dwarf;
				ENABLE_STRICT_OBJC_MSGSEND = YES;
				ENABLE_TESTABILITY = YES;
				GCC_C_LANGUAGE_STANDARD = gnu11;
				GCC_DYNAMIC_NO_PIC = NO;
				GCC_NO_COMMON_BLOCKS = YES;
				GCC_OPTIMIZATION_LEVEL = 0;
				GCC_PREPROCESSOR_DEFINITIONS = (
					"DEBUG=1",
					"$(inherited)",
				);
				GCC_WARN_64_TO_32_BIT_CONVERSION = YES;
				GCC_WARN_ABOUT_RETURN_TYPE = YES_ERROR;
				GCC_WARN_UNDECLARED_SELECTOR = YES;
				GCC_WARN_UNINITIALIZED_AUTOS = YES_AGGRESSIVE;
				GCC_WARN_UNUSED_FUNCTION = YES;
				GCC_WARN_UNUSED_VARIABLE = YES;
				MACOSX_DEPLOYMENT_TARGET = 10.13;
				MTL_ENABLE_DEBUG_INFO = YES;
				ONLY_ACTIVE_ARCH = YES;
				SDKROOT = macosx;
				SWIFT_ACTIVE_COMPILATION_CONDITIONS = DEBUG;
				SWIFT_OPTIMIZATION_LEVEL = "-Onone";
			};
			name = Debug;
		};
		ED83F69220348A760038D96B /* Release */ = {
			isa = XCBuildConfiguration;
			buildSettings = {
				ALWAYS_SEARCH_USER_PATHS = NO;
				CLANG_ANALYZER_NONNULL = YES;
				CLANG_ANALYZER_NUMBER_OBJECT_CONVERSION = YES_AGGRESSIVE;
				CLANG_CXX_LANGUAGE_STANDARD = "gnu++14";
				CLANG_CXX_LIBRARY = "libc++";
				CLANG_ENABLE_MODULES = YES;
				CLANG_ENABLE_OBJC_ARC = YES;
				CLANG_WARN_BLOCK_CAPTURE_AUTORELEASING = YES;
				CLANG_WARN_BOOL_CONVERSION = YES;
				CLANG_WARN_COMMA = YES;
				CLANG_WARN_CONSTANT_CONVERSION = YES;
				CLANG_WARN_DIRECT_OBJC_ISA_USAGE = YES_ERROR;
				CLANG_WARN_DOCUMENTATION_COMMENTS = YES;
				CLANG_WARN_EMPTY_BODY = YES;
				CLANG_WARN_ENUM_CONVERSION = YES;
				CLANG_WARN_INFINITE_RECURSION = YES;
				CLANG_WARN_INT_CONVERSION = YES;
				CLANG_WARN_NON_LITERAL_NULL_CONVERSION = YES;
				CLANG_WARN_OBJC_LITERAL_CONVERSION = YES;
				CLANG_WARN_OBJC_ROOT_CLASS = YES_ERROR;
				CLANG_WARN_RANGE_LOOP_ANALYSIS = YES;
				CLANG_WARN_STRICT_PROTOTYPES = YES;
				CLANG_WARN_SUSPICIOUS_MOVE = YES;
				CLANG_WARN_UNGUARDED_AVAILABILITY = YES_AGGRESSIVE;
				CLANG_WARN_UNREACHABLE_CODE = YES;
				CLANG_WARN__DUPLICATE_METHOD_MATCH = YES;
				CODE_SIGN_IDENTITY = "-";
				COPY_PHASE_STRIP = NO;
				DEBUG_INFORMATION_FORMAT = "dwarf-with-dsym";
				ENABLE_NS_ASSERTIONS = NO;
				ENABLE_STRICT_OBJC_MSGSEND = YES;
				GCC_C_LANGUAGE_STANDARD = gnu11;
				GCC_NO_COMMON_BLOCKS = YES;
				GCC_WARN_64_TO_32_BIT_CONVERSION = YES;
				GCC_WARN_ABOUT_RETURN_TYPE = YES_ERROR;
				GCC_WARN_UNDECLARED_SELECTOR = YES;
				GCC_WARN_UNINITIALIZED_AUTOS = YES_AGGRESSIVE;
				GCC_WARN_UNUSED_FUNCTION = YES;
				GCC_WARN_UNUSED_VARIABLE = YES;
				MACOSX_DEPLOYMENT_TARGET = 10.13;
				MTL_ENABLE_DEBUG_INFO = NO;
				SDKROOT = macosx;
				SWIFT_OPTIMIZATION_LEVEL = "-Owholemodule";
			};
			name = Release;
		};
		ED83F69420348A760038D96B /* Debug */ = {
			isa = XCBuildConfiguration;
			baseConfigurationReference = 86F7B89FE1B4BE881516025E /* Pods-LemonFileManager_Example.debug.xcconfig */;
			buildSettings = {
				ASSETCATALOG_COMPILER_APPICON_NAME = AppIcon;
				CODE_SIGN_ENTITLEMENTS = LemonFileManager/LemonFileManager.entitlements;
				CODE_SIGN_STYLE = Automatic;
				COMBINE_HIDPI_IMAGES = YES;
				INFOPLIST_FILE = LemonFileManager/Info.plist;
				LD_RUNPATH_SEARCH_PATHS = "$(inherited) @executable_path/../Frameworks";
				PRODUCT_BUNDLE_IDENTIFIER = org.cocoapods.demo.LemonFileManager;
				PRODUCT_NAME = "$(TARGET_NAME)";
				SWIFT_VERSION = 4.0;
			};
			name = Debug;
		};
		ED83F69520348A760038D96B /* Release */ = {
			isa = XCBuildConfiguration;
			baseConfigurationReference = 581F8B61B1EABE66825D8008 /* Pods-LemonFileManager_Example.release.xcconfig */;
			buildSettings = {
				ASSETCATALOG_COMPILER_APPICON_NAME = AppIcon;
				CODE_SIGN_ENTITLEMENTS = LemonFileManager/LemonFileManager.entitlements;
				CODE_SIGN_STYLE = Automatic;
				COMBINE_HIDPI_IMAGES = YES;
				INFOPLIST_FILE = LemonFileManager/Info.plist;
				LD_RUNPATH_SEARCH_PATHS = "$(inherited) @executable_path/../Frameworks";
				PRODUCT_BUNDLE_IDENTIFIER = org.cocoapods.demo.LemonFileManager;
				PRODUCT_NAME = "$(TARGET_NAME)";
				SWIFT_VERSION = 4.0;
			};
			name = Release;
		};
		ED83F69720348A760038D96B /* Debug */ = {
			isa = XCBuildConfiguration;
			baseConfigurationReference = AE4BEF3E660A692A8D2E6057 /* Pods-LemonFileManager_Tests.debug.xcconfig */;
			buildSettings = {
				ALWAYS_EMBED_SWIFT_STANDARD_LIBRARIES = YES;
				BUNDLE_LOADER = "$(TEST_HOST)";
				CODE_SIGN_STYLE = Automatic;
				COMBINE_HIDPI_IMAGES = YES;
				INFOPLIST_FILE = Tests/Info.plist;
				LD_RUNPATH_SEARCH_PATHS = "$(inherited) @executable_path/../Frameworks @loader_path/../Frameworks";
				PRODUCT_BUNDLE_IDENTIFIER = "org.cocoapods.demo.LemonFileManager-Tests";
				PRODUCT_NAME = "$(TARGET_NAME)";
				SWIFT_VERSION = 4.0;
				TEST_HOST = "";
			};
			name = Debug;
		};
		ED83F69820348A760038D96B /* Release */ = {
			isa = XCBuildConfiguration;
			baseConfigurationReference = 3D51C91CD210949918940EE5 /* Pods-LemonFileManager_Tests.release.xcconfig */;
			buildSettings = {
				ALWAYS_EMBED_SWIFT_STANDARD_LIBRARIES = YES;
				BUNDLE_LOADER = "$(TEST_HOST)";
				CODE_SIGN_STYLE = Automatic;
				COMBINE_HIDPI_IMAGES = YES;
				INFOPLIST_FILE = Tests/Info.plist;
				LD_RUNPATH_SEARCH_PATHS = "$(inherited) @executable_path/../Frameworks @loader_path/../Frameworks";
				PRODUCT_BUNDLE_IDENTIFIER = "org.cocoapods.demo.LemonFileManager-Tests";
				PRODUCT_NAME = "$(TARGET_NAME)";
				SWIFT_VERSION = 4.0;
				TEST_HOST = "";
			};
			name = Release;
		};
/* End XCBuildConfiguration section */

/* Begin XCConfigurationList section */
		ED83F67320348A760038D96B /* Build configuration list for PBXProject "LemonFileManager" */ = {
			isa = XCConfigurationList;
			buildConfigurations = (
				ED83F69120348A760038D96B /* Debug */,
				ED83F69220348A760038D96B /* Release */,
			);
			defaultConfigurationIsVisible = 0;
			defaultConfigurationName = Release;
		};
		ED83F69320348A760038D96B /* Build configuration list for PBXNativeTarget "LemonFileManager_Example" */ = {
			isa = XCConfigurationList;
			buildConfigurations = (
				ED83F69420348A760038D96B /* Debug */,
				ED83F69520348A760038D96B /* Release */,
			);
			defaultConfigurationIsVisible = 0;
			defaultConfigurationName = Release;
		};
		ED83F69620348A760038D96B /* Build configuration list for PBXNativeTarget "LemonFileManager_Tests" */ = {
			isa = XCConfigurationList;
			buildConfigurations = (
				ED83F69720348A760038D96B /* Debug */,
				ED83F69820348A760038D96B /* Release */,
			);
			defaultConfigurationIsVisible = 0;
			defaultConfigurationName = Release;
		};
/* End XCConfigurationList section */
	};
	rootObject = ED83F67020348A760038D96B /* Project object */;
}
